{
  "name": "my-react-app",
  "version": "0.1.0",
  "lockfileVersion": 3,
  "requires": true,
  "packages": {
    "": {
      "name": "my-react-app",
      "version": "0.1.0",
      "dependencies": {
        "react": "...",
        "react-dom": "...",
        "react-scripts": "..."
      }
    },
    "...": {},
    "node_modules/react": {
      "resolved": "...",
      "link": true
    },
    "node_modules/react-dom": {
      "resolved": "...",
      "link": true
    },
    "node_modules/react-scripts": {
      "resolved": "...",
      "link": true
    }
  }
}
